// !$*UTF8*$!
{
	archiveVersion = 1;
	classes = {
	};
	objectVersion = 50;
	objects = {

/* Begin PBXBuildFile section */
		B83F52AF2288090C006A454C /* AppDelegate.swift in Sources */ = {isa = PBXBuildFile; fileRef = B83F52AE2288090C006A454C /* AppDelegate.swift */; };
		B83F52B12288090C006A454C /* ViewController.swift in Sources */ = {isa = PBXBuildFile; fileRef = B83F52B02288090C006A454C /* ViewController.swift */; };
		B83F52B42288090C006A454C /* Main.storyboard in Resources */ = {isa = PBXBuildFile; fileRef = B83F52B22288090C006A454C /* Main.storyboard */; };
		B83F52B62288090D006A454C /* Assets.xcassets in Resources */ = {isa = PBXBuildFile; fileRef = B83F52B52288090D006A454C /* Assets.xcassets */; };
		B83F52B92288090D006A454C /* LaunchScreen.storyboard in Resources */ = {isa = PBXBuildFile; fileRef = B83F52B72288090D006A454C /* LaunchScreen.storyboard */; };
		B83F52C42288090D006A454C /* NeViewControllerTestTests.swift in Sources */ = {isa = PBXBuildFile; fileRef = B83F52C32288090D006A454C /* NeViewControllerTestTests.swift */; };
		B83F52CF2288090D006A454C /* NeViewControllerTestUITests.swift in Sources */ = {isa = PBXBuildFile; fileRef = B83F52CE2288090D006A454C /* NeViewControllerTestUITests.swift */; };
		B83F52DE22880999006A454C /* SecondView.swift in Sources */ = {isa = PBXBuildFile; fileRef = B83F52DD22880999006A454C /* SecondView.swift */; };
/* End PBXBuildFile section */

/* Begin PBXContainerItemProxy section */
		B83F52C02288090D006A454C /* PBXContainerItemProxy */ = {
			isa = PBXContainerItemProxy;
			containerPortal = B83F52A32288090C006A454C /* Project object */;
			proxyType = 1;
			remoteGlobalIDString = B83F52AA2288090C006A454C;
			remoteInfo = NeViewControllerTest;
		};
		B83F52CB2288090D006A454C /* PBXContainerItemProxy */ = {
			isa = PBXContainerItemProxy;
			containerPortal = B83F52A32288090C006A454C /* Project object */;
			proxyType = 1;
			remoteGlobalIDString = B83F52AA2288090C006A454C;
			remoteInfo = NeViewControllerTest;
		};
/* End PBXContainerItemProxy section */

/* Begin PBXFileReference section */
		B83F52AB2288090C006A454C /* NeViewControllerTest.app */ = {isa = PBXFileReference; explicitFileType = wrapper.application; includeInIndex = 0; path = NeViewControllerTest.app; sourceTree = BUILT_PRODUCTS_DIR; };
		B83F52AE2288090C006A454C /* AppDelegate.swift */ = {isa = PBXFileReference; lastKnownFileType = sourcecode.swift; path = AppDelegate.swift; sourceTree = "<group>"; };
		B83F52B02288090C006A454C /* ViewController.swift */ = {isa = PBXFileReference; lastKnownFileType = sourcecode.swift; path = ViewController.swift; sourceTree = "<group>"; };
		B83F52B32288090C006A454C /* Base */ = {isa = PBXFileReference; lastKnownFileType = file.storyboard; name = Base; path = Base.lproj/Main.storyboard; sourceTree = "<group>"; };
		B83F52B52288090D006A454C /* Assets.xcassets */ = {isa = PBXFileReference; lastKnownFileType = folder.assetcatalog; path = Assets.xcassets; sourceTree = "<group>"; };
		B83F52B82288090D006A454C /* Base */ = {isa = PBXFileReference; lastKnownFileType = file.storyboard; name = Base; path = Base.lproj/LaunchScreen.storyboard; sourceTree = "<group>"; };
		B83F52BA2288090D006A454C /* Info.plist */ = {isa = PBXFileReference; lastKnownFileType = text.plist.xml; path = Info.plist; sourceTree = "<group>"; };
		B83F52BF2288090D006A454C /* NeViewControllerTestTests.xctest */ = {isa = PBXFileReference; explicitFileType = wrapper.cfbundle; includeInIndex = 0; path = NeViewControllerTestTests.xctest; sourceTree = BUILT_PRODUCTS_DIR; };
		B83F52C32288090D006A454C /* NeViewControllerTestTests.swift */ = {isa = PBXFileReference; lastKnownFileType = sourcecode.swift; path = NeViewControllerTestTests.swift; sourceTree = "<group>"; };
		B83F52C52288090D006A454C /* Info.plist */ = {isa = PBXFileReference; lastKnownFileType = text.plist.xml; path = Info.plist; sourceTree = "<group>"; };
		B83F52CA2288090D006A454C /* NeViewControllerTestUITests.xctest */ = {isa = PBXFileReference; explicitFileType = wrapper.cfbundle; includeInIndex = 0; path = NeViewControllerTestUITests.xctest; sourceTree = BUILT_PRODUCTS_DIR; };
		B83F52CE2288090D006A454C /* NeViewControllerTestUITests.swift */ = {isa = PBXFileReference; lastKnownFileType = sourcecode.swift; path = NeViewControllerTestUITests.swift; sourceTree = "<group>"; };
		B83F52D02288090E006A454C /* Info.plist */ = {isa = PBXFileReference; lastKnownFileType = text.plist.xml; path = Info.plist; sourceTree = "<group>"; };
		B83F52DD22880999006A454C /* SecondView.swift */ = {isa = PBXFileReference; lastKnownFileType = sourcecode.swift; path = SecondView.swift; sourceTree = "<group>"; };
/* End PBXFileReference section */

/* Begin PBXFrameworksBuildPhase section */
		B83F52A82288090C006A454C /* Frameworks */ = {
			isa = PBXFrameworksBuildPhase;
			buildActionMask = 2147483647;
			files = (
			);
			runOnlyForDeploymentPostprocessing = 0;
		};
		B83F52BC2288090D006A454C /* Frameworks */ = {
			isa = PBXFrameworksBuildPhase;
			buildActionMask = 2147483647;
			files = (
			);
			runOnlyForDeploymentPostprocessing = 0;
		};
		B83F52C72288090D006A454C /* Frameworks */ = {
			isa = PBXFrameworksBuildPhase;
			buildActionMask = 2147483647;
			files = (
			);
			runOnlyForDeploymentPostprocessing = 0;
		};
/* End PBXFrameworksBuildPhase section */

/* Begin PBXGroup section */
		B83F52A22288090C006A454C = {
			isa = PBXGroup;
			children = (
				B83F52AD2288090C006A454C /* NeViewControllerTest */,
				B83F52C22288090D006A454C /* NeViewControllerTestTests */,
				B83F52CD2288090D006A454C /* NeViewControllerTestUITests */,
				B83F52AC2288090C006A454C /* Products */,
			);
			sourceTree = "<group>";
		};
		B83F52AC2288090C006A454C /* Products */ = {
			isa = PBXGroup;
			children = (
				B83F52AB2288090C006A454C /* NeViewControllerTest.app */,
				B83F52BF2288090D006A454C /* NeViewControllerTestTests.xctest */,
				B83F52CA2288090D006A454C /* NeViewControllerTestUITests.xctest */,
			);
			name = Products;
			sourceTree = "<group>";
		};
		B83F52AD2288090C006A454C /* NeViewControllerTest */ = {
			isa = PBXGroup;
			children = (
				B83F52DC2288095D006A454C /* SecondView */,
				B83F52AE2288090C006A454C /* AppDelegate.swift */,
				B83F52B02288090C006A454C /* ViewController.swift */,
				B83F52B22288090C006A454C /* Main.storyboard */,
				B83F52B52288090D006A454C /* Assets.xcassets */,
				B83F52B72288090D006A454C /* LaunchScreen.storyboard */,
				B83F52BA2288090D006A454C /* Info.plist */,
			);
			path = NeViewControllerTest;
			sourceTree = "<group>";
		};
		B83F52C22288090D006A454C /* NeViewControllerTestTests */ = {
			isa = PBXGroup;
			children = (
				B83F52C32288090D006A454C /* NeViewControllerTestTests.swift */,
				B83F52C52288090D006A454C /* Info.plist */,
			);
			path = NeViewControllerTestTests;
			sourceTree = "<group>";
		};
		B83F52CD2288090D006A454C /* NeViewControllerTestUITests */ = {
			isa = PBXGroup;
			children = (
				B83F52CE2288090D006A454C /* NeViewControllerTestUITests.swift */,
				B83F52D02288090E006A454C /* Info.plist */,
			);
			path = NeViewControllerTestUITests;
			sourceTree = "<group>";
		};
		B83F52DC2288095D006A454C /* SecondView */ = {
			isa = PBXGroup;
			children = (
				B83F52DD22880999006A454C /* SecondView.swift */,
			);
			path = SecondView;
			sourceTree = "<group>";
		};
/* End PBXGroup section */

/* Begin PBXNativeTarget section */
		B83F52AA2288090C006A454C /* NeViewControllerTest */ = {
			isa = PBXNativeTarget;
			buildConfigurationList = B83F52D32288090E006A454C /* Build configuration list for PBXNativeTarget "NeViewControllerTest" */;
			buildPhases = (
				B83F52A72288090C006A454C /* Sources */,
				B83F52A82288090C006A454C /* Frameworks */,
				B83F52A92288090C006A454C /* Resources */,
			);
			buildRules = (
			);
			dependencies = (
			);
			name = NeViewControllerTest;
			productName = NeViewControllerTest;
			productReference = B83F52AB2288090C006A454C /* NeViewControllerTest.app */;
			productType = "com.apple.product-type.application";
		};
		B83F52BE2288090D006A454C /* NeViewControllerTestTests */ = {
			isa = PBXNativeTarget;
			buildConfigurationList = B83F52D62288090E006A454C /* Build configuration list for PBXNativeTarget "NeViewControllerTestTests" */;
			buildPhases = (
				B83F52BB2288090D006A454C /* Sources */,
				B83F52BC2288090D006A454C /* Frameworks */,
				B83F52BD2288090D006A454C /* Resources */,
			);
			buildRules = (
			);
			dependencies = (
				B83F52C12288090D006A454C /* PBXTargetDependency */,
			);
			name = NeViewControllerTestTests;
			productName = NeViewControllerTestTests;
			productReference = B83F52BF2288090D006A454C /* NeViewControllerTestTests.xctest */;
			productType = "com.apple.product-type.bundle.unit-test";
		};
		B83F52C92288090D006A454C /* NeViewControllerTestUITests */ = {
			isa = PBXNativeTarget;
			buildConfigurationList = B83F52D92288090E006A454C /* Build configuration list for PBXNativeTarget "NeViewControllerTestUITests" */;
			buildPhases = (
				B83F52C62288090D006A454C /* Sources */,
				B83F52C72288090D006A454C /* Frameworks */,
				B83F52C82288090D006A454C /* Resources */,
			);
			buildRules = (
			);
			dependencies = (
				B83F52CC2288090D006A454C /* PBXTargetDependency */,
			);
			name = NeViewControllerTestUITests;
			productName = NeViewControllerTestUITests;
			productReference = B83F52CA2288090D006A454C /* NeViewControllerTestUITests.xctest */;
			productType = "com.apple.product-type.bundle.ui-testing";
		};
/* End PBXNativeTarget section */

/* Begin PBXProject section */
		B83F52A32288090C006A454C /* Project object */ = {
			isa = PBXProject;
			attributes = {
				LastSwiftUpdateCheck = 1020;
				LastUpgradeCheck = 1020;
				ORGANIZATIONNAME = "수리";
				TargetAttributes = {
					B83F52AA2288090C006A454C = {
						CreatedOnToolsVersion = 10.2.1;
					};
					B83F52BE2288090D006A454C = {
						CreatedOnToolsVersion = 10.2.1;
						TestTargetID = B83F52AA2288090C006A454C;
					};
					B83F52C92288090D006A454C = {
						CreatedOnToolsVersion = 10.2.1;
						TestTargetID = B83F52AA2288090C006A454C;
					};
				};
			};
			buildConfigurationList = B83F52A62288090C006A454C /* Build configuration list for PBXProject "NeViewControllerTest" */;
			compatibilityVersion = "Xcode 9.3";
			developmentRegion = en;
			hasScannedForEncodings = 0;
			knownRegions = (
				en,
				Base,
			);
			mainGroup = B83F52A22288090C006A454C;
			productRefGroup = B83F52AC2288090C006A454C /* Products */;
			projectDirPath = "";
			projectRoot = "";
			targets = (
				B83F52AA2288090C006A454C /* NeViewControllerTest */,
				B83F52BE2288090D006A454C /* NeViewControllerTestTests */,
				B83F52C92288090D006A454C /* NeViewControllerTestUITests */,
			);
		};
/* End PBXProject section */

/* Begin PBXResourcesBuildPhase section */
		B83F52A92288090C006A454C /* Resources */ = {
			isa = PBXResourcesBuildPhase;
			buildActionMask = 2147483647;
			files = (
				B83F52B92288090D006A454C /* LaunchScreen.storyboard in Resources */,
				B83F52B62288090D006A454C /* Assets.xcassets in Resources */,
				B83F52B42288090C006A454C /* Main.storyboard in Resources */,
			);
			runOnlyForDeploymentPostprocessing = 0;
		};
		B83F52BD2288090D006A454C /* Resources */ = {
			isa = PBXResourcesBuildPhase;
			buildActionMask = 2147483647;
			files = (
			);
			runOnlyForDeploymentPostprocessing = 0;
		};
		B83F52C82288090D006A454C /* Resources */ = {
			isa = PBXResourcesBuildPhase;
			buildActionMask = 2147483647;
			files = (
			);
			runOnlyForDeploymentPostprocessing = 0;
		};
/* End PBXResourcesBuildPhase section */

/* Begin PBXSourcesBuildPhase section */
		B83F52A72288090C006A454C /* Sources */ = {
			isa = PBXSourcesBuildPhase;
			buildActionMask = 2147483647;
			files = (
				B83F52DE22880999006A454C /* SecondView.swift in Sources */,
				B83F52B12288090C006A454C /* ViewController.swift in Sources */,
				B83F52AF2288090C006A454C /* AppDelegate.swift in Sources */,
			);
			runOnlyForDeploymentPostprocessing = 0;
		};
		B83F52BB2288090D006A454C /* Sources */ = {
			isa = PBXSourcesBuildPhase;
			buildActionMask = 2147483647;
			files = (
				B83F52C42288090D006A454C /* NeViewControllerTestTests.swift in Sources */,
			);
			runOnlyForDeploymentPostprocessing = 0;
		};
		B83F52C62288090D006A454C /* Sources */ = {
			isa = PBXSourcesBuildPhase;
			buildActionMask = 2147483647;
			files = (
				B83F52CF2288090D006A454C /* NeViewControllerTestUITests.swift in Sources */,
			);
			runOnlyForDeploymentPostprocessing = 0;
		};
/* End PBXSourcesBuildPhase section */

/* Begin PBXTargetDependency section */
		B83F52C12288090D006A454C /* PBXTargetDependency */ = {
			isa = PBXTargetDependency;
			target = B83F52AA2288090C006A454C /* NeViewControllerTest */;
			targetProxy = B83F52C02288090D006A454C /* PBXContainerItemProxy */;
		};
		B83F52CC2288090D006A454C /* PBXTargetDependency */ = {
			isa = PBXTargetDependency;
			target = B83F52AA2288090C006A454C /* NeViewControllerTest */;
			targetProxy = B83F52CB2288090D006A454C /* PBXContainerItemProxy */;
		};
/* End PBXTargetDependency section */

/* Begin PBXVariantGroup section */
		B83F52B22288090C006A454C /* Main.storyboard */ = {
			isa = PBXVariantGroup;
			children = (
				B83F52B32288090C006A454C /* Base */,
			);
			name = Main.storyboard;
			sourceTree = "<group>";
		};
		B83F52B72288090D006A454C /* LaunchScreen.storyboard */ = {
			isa = PBXVariantGroup;
			children = (
				B83F52B82288090D006A454C /* Base */,
			);
			name = LaunchScreen.storyboard;
			sourceTree = "<group>";
		};
/* End PBXVariantGroup section */

/* Begin XCBuildConfiguration section */
		B83F52D12288090E006A454C /* Debug */ = {
			isa = XCBuildConfiguration;
			buildSettings = {
				ALWAYS_SEARCH_USER_PATHS = NO;
				CLANG_ANALYZER_NONNULL = YES;
				CLANG_ANALYZER_NUMBER_OBJECT_CONVERSION = YES_AGGRESSIVE;
				CLANG_CXX_LANGUAGE_STANDARD = "gnu++14";
				CLANG_CXX_LIBRARY = "libc++";
				CLANG_ENABLE_MODULES = YES;
				CLANG_ENABLE_OBJC_ARC = YES;
				CLANG_ENABLE_OBJC_WEAK = YES;
				CLANG_WARN_BLOCK_CAPTURE_AUTORELEASING = YES;
				CLANG_WARN_BOOL_CONVERSION = YES;
				CLANG_WARN_COMMA = YES;
				CLANG_WARN_CONSTANT_CONVERSION = YES;
				CLANG_WARN_DEPRECATED_OBJC_IMPLEMENTATIONS = YES;
				CLANG_WARN_DIRECT_OBJC_ISA_USAGE = YES_ERROR;
				CLANG_WARN_DOCUMENTATION_COMMENTS = YES;
				CLANG_WARN_EMPTY_BODY = YES;
				CLANG_WARN_ENUM_CONVERSION = YES;
				CLANG_WARN_INFINITE_RECURSION = YES;
				CLANG_WARN_INT_CONVERSION = YES;
				CLANG_WARN_NON_LITERAL_NULL_CONVERSION = YES;
				CLANG_WARN_OBJC_IMPLICIT_RETAIN_SELF = YES;
				CLANG_WARN_OBJC_LITERAL_CONVERSION = YES;
				CLANG_WARN_OBJC_ROOT_CLASS = YES_ERROR;
				CLANG_WARN_RANGE_LOOP_ANALYSIS = YES;
				CLANG_WARN_STRICT_PROTOTYPES = YES;
				CLANG_WARN_SUSPICIOUS_MOVE = YES;
				CLANG_WARN_UNGUARDED_AVAILABILITY = YES_AGGRESSIVE;
				CLANG_WARN_UNREACHABLE_CODE = YES;
				CLANG_WARN__DUPLICATE_METHOD_MATCH = YES;
				CODE_SIGN_IDENTITY = "iPhone Developer";
				COPY_PHASE_STRIP = NO;
				DEBUG_INFORMATION_FORMAT = dwarf;
				ENABLE_STRICT_OBJC_MSGSEND = YES;
				ENABLE_TESTABILITY = YES;
				GCC_C_LANGUAGE_STANDARD = gnu11;
				GCC_DYNAMIC_NO_PIC = NO;
				GCC_NO_COMMON_BLOCKS = YES;
				GCC_OPTIMIZATION_LEVEL = 0;
				GCC_PREPROCESSOR_DEFINITIONS = (
					"DEBUG=1",
					"$(inherited)",
				);
				GCC_WARN_64_TO_32_BIT_CONVERSION = YES;
				GCC_WARN_ABOUT_RETURN_TYPE = YES_ERROR;
				GCC_WARN_UNDECLARED_SELECTOR = YES;
				GCC_WARN_UNINITIALIZED_AUTOS = YES_AGGRESSIVE;
				GCC_WARN_UNUSED_FUNCTION = YES;
				GCC_WARN_UNUSED_VARIABLE = YES;
				IPHONEOS_DEPLOYMENT_TARGET = 12.2;
				MTL_ENABLE_DEBUG_INFO = INCLUDE_SOURCE;
				MTL_FAST_MATH = YES;
				ONLY_ACTIVE_ARCH = YES;
				SDKROOT = iphoneos;
				SWIFT_ACTIVE_COMPILATION_CONDITIONS = DEBUG;
				SWIFT_OPTIMIZATION_LEVEL = "-Onone";
			};
			name = Debug;
		};
		B83F52D22288090E006A454C /* Release */ = {
			isa = XCBuildConfiguration;
			buildSettings = {
				ALWAYS_SEARCH_USER_PATHS = NO;
				CLANG_ANALYZER_NONNULL = YES;
				CLANG_ANALYZER_NUMBER_OBJECT_CONVERSION = YES_AGGRESSIVE;
				CLANG_CXX_LANGUAGE_STANDARD = "gnu++14";
				CLANG_CXX_LIBRARY = "libc++";
				CLANG_ENABLE_MODULES = YES;
				CLANG_ENABLE_OBJC_ARC = YES;
				CLANG_ENABLE_OBJC_WEAK = YES;
				CLANG_WARN_BLOCK_CAPTURE_AUTORELEASING = YES;
				CLANG_WARN_BOOL_CONVERSION = YES;
				CLANG_WARN_COMMA = YES;
				CLANG_WARN_CONSTANT_CONVERSION = YES;
				CLANG_WARN_DEPRECATED_OBJC_IMPLEMENTATIONS = YES;
				CLANG_WARN_DIRECT_OBJC_ISA_USAGE = YES_ERROR;
				CLANG_WARN_DOCUMENTATION_COMMENTS = YES;
				CLANG_WARN_EMPTY_BODY = YES;
				CLANG_WARN_ENUM_CONVERSION = YES;
				CLANG_WARN_INFINITE_RECURSION = YES;
				CLANG_WARN_INT_CONVERSION = YES;
				CLANG_WARN_NON_LITERAL_NULL_CONVERSION = YES;
				CLANG_WARN_OBJC_IMPLICIT_RETAIN_SELF = YES;
				CLANG_WARN_OBJC_LITERAL_CONVERSION = YES;
				CLANG_WARN_OBJC_ROOT_CLASS = YES_ERROR;
				CLANG_WARN_RANGE_LOOP_ANALYSIS = YES;
				CLANG_WARN_STRICT_PROTOTYPES = YES;
				CLANG_WARN_SUSPICIOUS_MOVE = YES;
				CLANG_WARN_UNGUARDED_AVAILABILITY = YES_AGGRESSIVE;
				CLANG_WARN_UNREACHABLE_CODE = YES;
				CLANG_WARN__DUPLICATE_METHOD_MATCH = YES;
				CODE_SIGN_IDENTITY = "iPhone Developer";
				COPY_PHASE_STRIP = NO;
				DEBUG_INFORMATION_FORMAT = "dwarf-with-dsym";
				ENABLE_NS_ASSERTIONS = NO;
				ENABLE_STRICT_OBJC_MSGSEND = YES;
				GCC_C_LANGUAGE_STANDARD = gnu11;
				GCC_NO_COMMON_BLOCKS = YES;
				GCC_WARN_64_TO_32_BIT_CONVERSION = YES;
				GCC_WARN_ABOUT_RETURN_TYPE = YES_ERROR;
				GCC_WARN_UNDECLARED_SELECTOR = YES;
				GCC_WARN_UNINITIALIZED_AUTOS = YES_AGGRESSIVE;
				GCC_WARN_UNUSED_FUNCTION = YES;
				GCC_WARN_UNUSED_VARIABLE = YES;
				IPHONEOS_DEPLOYMENT_TARGET = 12.2;
				MTL_ENABLE_DEBUG_INFO = NO;
				MTL_FAST_MATH = YES;
				SDKROOT = iphoneos;
				SWIFT_COMPILATION_MODE = wholemodule;
				SWIFT_OPTIMIZATION_LEVEL = "-O";
				VALIDATE_PRODUCT = YES;
			};
			name = Release;
		};
		B83F52D42288090E006A454C /* Debug */ = {
			isa = XCBuildConfiguration;
			buildSettings = {
				ASSETCATALOG_COMPILER_APPICON_NAME = AppIcon;
				CODE_SIGN_STYLE = Automatic;
				DEVELOPMENT_TEAM = N82ZFP7PC6;
				INFOPLIST_FILE = NeViewControllerTest/Info.plist;
				LD_RUNPATH_SEARCH_PATHS = (
					"$(inherited)",
					"@executable_path/Frameworks",
				);
				PRODUCT_BUNDLE_IDENTIFIER = com.gmail.anjeundeun.NeViewControllerTest;
				PRODUCT_NAME = "$(TARGET_NAME)";
				SWIFT_VERSION = 5.0;
				TARGETED_DEVICE_FAMILY = 1;
			};
			name = Debug;
		};
		B83F52D52288090E006A454C /* Release */ = {
			isa = XCBuildConfiguration;
			buildSettings = {
				ASSETCATALOG_COMPILER_APPICON_NAME = AppIcon;
				CODE_SIGN_STYLE = Automatic;
				DEVELOPMENT_TEAM = N82ZFP7PC6;
				INFOPLIST_FILE = NeViewControllerTest/Info.plist;
				LD_RUNPATH_SEARCH_PATHS = (
					"$(inherited)",
					"@executable_path/Frameworks",
				);
				PRODUCT_BUNDLE_IDENTIFIER = com.gmail.anjeundeun.NeViewControllerTest;
				PRODUCT_NAME = "$(TARGET_NAME)";
				SWIFT_VERSION = 5.0;
				TARGETED_DEVICE_FAMILY = 1;
			};
			name = Release;
		};
		B83F52D72288090E006A454C /* Debug */ = {
			isa = XCBuildConfiguration;
			buildSettings = {
				ALWAYS_EMBED_SWIFT_STANDARD_LIBRARIES = YES;
				BUNDLE_LOADER = "$(TEST_HOST)";
				CODE_SIGN_STYLE = Automatic;
				INFOPLIST_FILE = NeViewControllerTestTests/Info.plist;
				LD_RUNPATH_SEARCH_PATHS = (
					"$(inherited)",
					"@executable_path/Frameworks",
					"@loader_path/Frameworks",
				);
				PRODUCT_BUNDLE_IDENTIFIER = com.gmail.anjeundeun.NeViewControllerTestTests;
				PRODUCT_NAME = "$(TARGET_NAME)";
				SWIFT_VERSION = 5.0;
				TARGETED_DEVICE_FAMILY = "1,2";
				TEST_HOST = "$(BUILT_PRODUCTS_DIR)/NeViewControllerTest.app/NeViewControllerTest";
			};
			name = Debug;
		};
		B83F52D82288090E006A454C /* Release */ = {
			isa = XCBuildConfiguration;
			buildSettings = {
				ALWAYS_EMBED_SWIFT_STANDARD_LIBRARIES = YES;
				BUNDLE_LOADER = "$(TEST_HOST)";
				CODE_SIGN_STYLE = Automatic;
				INFOPLIST_FILE = NeViewControllerTestTests/Info.plist;
				LD_RUNPATH_SEARCH_PATHS = (
					"$(inherited)",
					"@executable_path/Frameworks",
					"@loader_path/Frameworks",
				);
				PRODUCT_BUNDLE_IDENTIFIER = com.gmail.anjeundeun.NeViewControllerTestTests;
				PRODUCT_NAME = "$(TARGET_NAME)";
				SWIFT_VERSION = 5.0;
				TARGETED_DEVICE_FAMILY = "1,2";
				TEST_HOST = "$(BUILT_PRODUCTS_DIR)/NeViewControllerTest.app/NeViewControllerTest";
			};
			name = Release;
		};
		B83F52DA2288090E006A454C /* Debug */ = {
			isa = XCBuildConfiguration;
			buildSettings = {
				ALWAYS_EMBED_SWIFT_STANDARD_LIBRARIES = YES;
				CODE_SIGN_STYLE = Automatic;
				INFOPLIST_FILE = NeViewControllerTestUITests/Info.plist;
				LD_RUNPATH_SEARCH_PATHS = (
					"$(inherited)",
					"@executable_path/Frameworks",
					"@loader_path/Frameworks",
				);
				PRODUCT_BUNDLE_IDENTIFIER = com.gmail.anjeundeun.NeViewControllerTestUITests;
				PRODUCT_NAME = "$(TARGET_NAME)";
				SWIFT_VERSION = 5.0;
				TARGETED_DEVICE_FAMILY = "1,2";
				TEST_TARGET_NAME = NeViewControllerTest;
			};
			name = Debug;
		};
		B83F52DB2288090E006A454C /* Release */ = {
			isa = XCBuildConfiguration;
			buildSettings = {
				ALWAYS_EMBED_SWIFT_STANDARD_LIBRARIES = YES;
				CODE_SIGN_STYLE = Automatic;
				INFOPLIST_FILE = NeViewControllerTestUITests/Info.plist;
				LD_RUNPATH_SEARCH_PATHS = (
					"$(inherited)",
					"@executable_path/Frameworks",
					"@loader_path/Frameworks",
				);
				PRODUCT_BUNDLE_IDENTIFIER = com.gmail.anjeundeun.NeViewControllerTestUITests;
				PRODUCT_NAME = "$(TARGET_NAME)";
				SWIFT_VERSION = 5.0;
				TARGETED_DEVICE_FAMILY = "1,2";
				TEST_TARGET_NAME = NeViewControllerTest;
			};
			name = Release;
		};
/* End XCBuildConfiguration section */

/* Begin XCConfigurationList section */
		B83F52A62288090C006A454C /* Build configuration list for PBXProject "NeViewControllerTest" */ = {
			isa = XCConfigurationList;
			buildConfigurations = (
				B83F52D12288090E006A454C /* Debug */,
				B83F52D22288090E006A454C /* Release */,
			);
			defaultConfigurationIsVisible = 0;
			defaultConfigurationName = Release;
		};
		B83F52D32288090E006A454C /* Build configuration list for PBXNativeTarget "NeViewControllerTest" */ = {
			isa = XCConfigurationList;
			buildConfigurations = (
				B83F52D42288090E006A454C /* Debug */,
				B83F52D52288090E006A454C /* Release */,
			);
			defaultConfigurationIsVisible = 0;
			defaultConfigurationName = Release;
		};
		B83F52D62288090E006A454C /* Build configuration list for PBXNativeTarget "NeViewControllerTestTests" */ = {
			isa = XCConfigurationList;
			buildConfigurations = (
				B83F52D72288090E006A454C /* Debug */,
				B83F52D82288090E006A454C /* Release */,
			);
			defaultConfigurationIsVisible = 0;
			defaultConfigurationName = Release;
		};
		B83F52D92288090E006A454C /* Build configuration list for PBXNativeTarget "NeViewControllerTestUITests" */ = {
			isa = XCConfigurationList;
			buildConfigurations = (
				B83F52DA2288090E006A454C /* Debug */,
				B83F52DB2288090E006A454C /* Release */,
			);
			defaultConfigurationIsVisible = 0;
			defaultConfigurationName = Release;
		};
/* End XCConfigurationList section */
	};
	rootObject = B83F52A32288090C006A454C /* Project object */;
}
